
Microsoft Visual Studio Solution File, Format Version 12.00
# Visual Studio Version 16
VisualStudioVersion = 16.0.32228.343
MinimumVisualStudioVersion = 10.0.40219.1
Project("{FAE04EC0-301F-11D3-BF4B-00C04F79EFBC}") = "ZdravoCorpAppTim22", "ZdravoCorpAppTim22.csproj", "{B96BE3A0-7B96-4658-925F-ABA503173249}"
EndProject
Global
	GlobalSection(SolutionConfigurationPlatforms) = preSolution
		Debug|Any CPU = Debug|Any CPU
		Release|Any CPU = Release|Any CPU
	EndGlobalSection
	GlobalSection(ProjectConfigurationPlatforms) = postSolution
		{B96BE3A0-7B96-4658-925F-ABA503173249}.Debug|Any CPU.ActiveCfg = Debug|Any CPU
		{B96BE3A0-7B96-4658-925F-ABA503173249}.Debug|Any CPU.Build.0 = Debug|Any CPU
		{B96BE3A0-7B96-4658-925F-ABA503173249}.Release|Any CPU.ActiveCfg = Release|Any CPU
		{B96BE3A0-7B96-4658-925F-ABA503173249}.Release|Any CPU.Build.0 = Release|Any CPU
	EndGlobalSection
	GlobalSection(SolutionProperties) = preSolution
		HideSolutionNode = FALSE
	EndGlobalSection
	GlobalSection(ExtensibilityGlobals) = postSolution
		SolutionGuid = {DE99A005-F388-4112-BA9B-1CDB6F967B38}
	EndGlobalSection
EndGlobal
